version = 1
revision = 1
requires-python = ">=3.12"

[[package]]
name = "colorama"
version = "0.4.6"
source = { registry = "https://pypi.org/simple" }
sdist = { url = "https://files.pythonhosted.org/packages/d8/53/6f443c9a4a8358a93a6792e2acffb9d9d5cb0a5cfd8802644b7b1c9a02e4/colorama-0.4.6.tar.gz", hash = "sha256:08695f5cb7ed6e0531a20572697297273c47b8cae5a63ffc6d6ed5c201be6e44", size = 27697 }
wheels = [
    { url = "https://files.pythonhosted.org/packages/d1/d6/3965ed04c63042e047cb6a3e6ed1a63a35087b6a609aa3a15ed8ac56c221/colorama-0.4.6-py2.py3-none-any.whl", hash = "sha256:4f1d9991f5acc0ca119f9d443620b77f9d6b33703e51011c16baf57afb285fc6", size = 25335 },
]

[[package]]
name = "cpplint"
version = "2.0.2"
source = { registry = "https://pypi.org/simple" }
sdist = { url = "https://files.pythonhosted.org/packages/c5/83/47a9e7513ba4d943a9dac2f6752b444377c91880f4f4968799b4f42d89cc/cpplint-2.0.2.tar.gz", hash = "sha256:8a5971e4b5490133e425284f0c566c7ade0b959e61018d2c9af3ff7f357ddc57", size = 373781 }
wheels = [
    { url = "https://files.pythonhosted.org/packages/66/65/08d3a5039b565231c501b31d1a973d4222e9803c03b2c31a9c08bdec3e30/cpplint-2.0.2-py3-none-any.whl", hash = "sha256:7ec188b5a08e604294ae7e7f88ec3ece2699de857f0533b305620c8cf237cad5", size = 81987 },
]

[[package]]
name = "cpplint-fix"
version = "0.1.0"
source = { editable = "." }
dependencies = [
    { name = "cpplint" },
]

[package.dev-dependencies]
dev = [
    { name = "pytest" },
    { name = "ruff" },
    { name = "taskipy" },
]

[package.metadata]
requires-dist = [{ name = "cpplint", specifier = ">=2.0.2" }]

[package.metadata.requires-dev]
dev = [
    { name = "pytest", specifier = ">=8.4.1" },
    { name = "ruff", specifier = ">=0.12.7" },
    { name = "taskipy", specifier = ">=1.14.1" },
]

[[package]]
name = "iniconfig"
version = "2.1.0"
source = { registry = "https://pypi.org/simple" }
sdist = { url = "https://files.pythonhosted.org/packages/f2/97/ebf4da567aa6827c909642694d71c9fcf53e5b504f2d96afea02718862f3/iniconfig-2.1.0.tar.gz", hash = "sha256:3abbd2e30b36733fee78f9c7f7308f2d0050e88f0087fd25c2645f63c773e1c7", size = 4793 }
wheels = [
    { url = "https://files.pythonhosted.org/packages/2c/e1/e6716421ea10d38022b952c159d5161ca1193197fb744506875fbb87ea7b/iniconfig-2.1.0-py3-none-any.whl", hash = "sha256:9deba5723312380e77435581c6bf4935c94cbfab9b1ed33ef8d238ea168eb760", size = 6050 },
]

[[package]]
name = "mslex"
version = "1.3.0"
source = { registry = "https://pypi.org/simple" }
sdist = { url = "https://files.pythonhosted.org/packages/e0/97/7022667073c99a0fe028f2e34b9bf76b49a611afd21b02527fbfd92d4cd5/mslex-1.3.0.tar.gz", hash = "sha256:641c887d1d3db610eee2af37a8e5abda3f70b3006cdfd2d0d29dc0d1ae28a85d", size = 11583 }
wheels = [
    { url = "https://files.pythonhosted.org/packages/64/f2/66bd65ca0139675a0d7b18f0bada6e12b51a984e41a76dbe44761bf1b3ee/mslex-1.3.0-py3-none-any.whl", hash = "sha256:c7074b347201b3466fc077c5692fbce9b5f62a63a51f537a53fbbd02eff2eea4", size = 7820 },
]

[[package]]
name = "packaging"
version = "25.0"
source = { registry = "https://pypi.org/simple" }
sdist = { url = "https://files.pythonhosted.org/packages/a1/d4/1fc4078c65507b51b96ca8f8c3ba19e6a61c8253c72794544580a7b6c24d/packaging-25.0.tar.gz", hash = "sha256:d443872c98d677bf60f6a1f2f8c1cb748e8fe762d2bf9d3148b5599295b0fc4f", size = 165727 }
wheels = [
    { url = "https://files.pythonhosted.org/packages/20/12/38679034af332785aac8774540895e234f4d07f7545804097de4b666afd8/packaging-25.0-py3-none-any.whl", hash = "sha256:29572ef2b1f17581046b3a2227d5c611fb25ec70ca1ba8554b24b0e69331a484", size = 66469 },
]

[[package]]
name = "pluggy"
version = "1.6.0"
source = { registry = "https://pypi.org/simple" }
sdist = { url = "https://files.pythonhosted.org/packages/f9/e2/3e91f31a7d2b083fe6ef3fa267035b518369d9511ffab804f839851d2779/pluggy-1.6.0.tar.gz", hash = "sha256:7dcc130b76258d33b90f61b658791dede3486c3e6bfb003ee5c9bfb396dd22f3", size = 69412 }
wheels = [
    { url = "https://files.pythonhosted.org/packages/54/20/4d324d65cc6d9205fabedc306948156824eb9f0ee1633355a8f7ec5c66bf/pluggy-1.6.0-py3-none-any.whl", hash = "sha256:e920276dd6813095e9377c0bc5566d94c932c33b27a3e3945d8389c374dd4746", size = 20538 },
]

[[package]]
name = "psutil"
version = "6.1.1"
source = { registry = "https://pypi.org/simple" }
sdist = { url = "https://files.pythonhosted.org/packages/1f/5a/07871137bb752428aa4b659f910b399ba6f291156bdea939be3e96cae7cb/psutil-6.1.1.tar.gz", hash = "sha256:cf8496728c18f2d0b45198f06895be52f36611711746b7f30c464b422b50e2f5", size = 508502 }
wheels = [
    { url = "https://files.pythonhosted.org/packages/61/99/ca79d302be46f7bdd8321089762dd4476ee725fce16fc2b2e1dbba8cac17/psutil-6.1.1-cp36-abi3-macosx_10_9_x86_64.whl", hash = "sha256:fc0ed7fe2231a444fc219b9c42d0376e0a9a1a72f16c5cfa0f68d19f1a0663e8", size = 247511 },
    { url = "https://files.pythonhosted.org/packages/0b/6b/73dbde0dd38f3782905d4587049b9be64d76671042fdcaf60e2430c6796d/psutil-6.1.1-cp36-abi3-macosx_11_0_arm64.whl", hash = "sha256:0bdd4eab935276290ad3cb718e9809412895ca6b5b334f5a9111ee6d9aff9377", size = 248985 },
    { url = "https://files.pythonhosted.org/packages/17/38/c319d31a1d3f88c5b79c68b3116c129e5133f1822157dd6da34043e32ed6/psutil-6.1.1-cp36-abi3-manylinux_2_12_i686.manylinux2010_i686.manylinux_2_17_i686.manylinux2014_i686.whl", hash = "sha256:b6e06c20c05fe95a3d7302d74e7097756d4ba1247975ad6905441ae1b5b66003", size = 284488 },
    { url = "https://files.pythonhosted.org/packages/9c/39/0f88a830a1c8a3aba27fededc642da37613c57cbff143412e3536f89784f/psutil-6.1.1-cp36-abi3-manylinux_2_12_x86_64.manylinux2010_x86_64.manylinux_2_17_x86_64.manylinux2014_x86_64.whl", hash = "sha256:97f7cb9921fbec4904f522d972f0c0e1f4fabbdd4e0287813b21215074a0f160", size = 287477 },
    { url = "https://files.pythonhosted.org/packages/47/da/99f4345d4ddf2845cb5b5bd0d93d554e84542d116934fde07a0c50bd4e9f/psutil-6.1.1-cp36-abi3-manylinux_2_17_aarch64.manylinux2014_aarch64.whl", hash = "sha256:33431e84fee02bc84ea36d9e2c4a6d395d479c9dd9bba2376c1f6ee8f3a4e0b3", size = 289017 },
    { url = "https://files.pythonhosted.org/packages/38/53/bd755c2896f4461fd4f36fa6a6dcb66a88a9e4b9fd4e5b66a77cf9d4a584/psutil-6.1.1-cp37-abi3-win32.whl", hash = "sha256:eaa912e0b11848c4d9279a93d7e2783df352b082f40111e078388701fd479e53", size = 250602 },
    { url = "https://files.pythonhosted.org/packages/7b/d7/7831438e6c3ebbfa6e01a927127a6cb42ad3ab844247f3c5b96bea25d73d/psutil-6.1.1-cp37-abi3-win_amd64.whl", hash = "sha256:f35cfccb065fff93529d2afb4a2e89e363fe63ca1e4a5da22b603a85833c2649", size = 254444 },
]

[[package]]
name = "pygments"
version = "2.19.2"
source = { registry = "https://pypi.org/simple" }
sdist = { url = "https://files.pythonhosted.org/packages/b0/77/a5b8c569bf593b0140bde72ea885a803b82086995367bf2037de0159d924/pygments-2.19.2.tar.gz", hash = "sha256:636cb2477cec7f8952536970bc533bc43743542f70392ae026374600add5b887", size = 4968631 }
wheels = [
    { url = "https://files.pythonhosted.org/packages/c7/21/705964c7812476f378728bdf590ca4b771ec72385c533964653c68e86bdc/pygments-2.19.2-py3-none-any.whl", hash = "sha256:86540386c03d588bb81d44bc3928634ff26449851e99741617ecb9037ee5ec0b", size = 1225217 },
]

[[package]]
name = "pytest"
version = "8.4.1"
source = { registry = "https://pypi.org/simple" }
dependencies = [
    { name = "colorama", marker = "sys_platform == 'win32'" },
    { name = "iniconfig" },
    { name = "packaging" },
    { name = "pluggy" },
    { name = "pygments" },
]
sdist = { url = "https://files.pythonhosted.org/packages/08/ba/45911d754e8eba3d5a841a5ce61a65a685ff1798421ac054f85aa8747dfb/pytest-8.4.1.tar.gz", hash = "sha256:7c67fd69174877359ed9371ec3af8a3d2b04741818c51e5e99cc1742251fa93c", size = 1517714 }
wheels = [
    { url = "https://files.pythonhosted.org/packages/29/16/c8a903f4c4dffe7a12843191437d7cd8e32751d5de349d45d3fe69544e87/pytest-8.4.1-py3-none-any.whl", hash = "sha256:539c70ba6fcead8e78eebbf1115e8b589e7565830d7d006a8723f19ac8a0afb7", size = 365474 },
]

[[package]]
name = "ruff"
version = "0.12.7"
source = { registry = "https://pypi.org/simple" }
sdist = { url = "https://files.pythonhosted.org/packages/a1/81/0bd3594fa0f690466e41bd033bdcdf86cba8288345ac77ad4afbe5ec743a/ruff-0.12.7.tar.gz", hash = "sha256:1fc3193f238bc2d7968772c82831a4ff69252f673be371fb49663f0068b7ec71", size = 5197814 }
wheels = [
    { url = "https://files.pythonhosted.org/packages/e1/d2/6cb35e9c85e7a91e8d22ab32ae07ac39cc34a71f1009a6f9e4a2a019e602/ruff-0.12.7-py3-none-linux_armv6l.whl", hash = "sha256:76e4f31529899b8c434c3c1dede98c4483b89590e15fb49f2d46183801565303", size = 11852189 },
    { url = "https://files.pythonhosted.org/packages/63/5b/a4136b9921aa84638f1a6be7fb086f8cad0fde538ba76bda3682f2599a2f/ruff-0.12.7-py3-none-macosx_10_12_x86_64.whl", hash = "sha256:789b7a03e72507c54fb3ba6209e4bb36517b90f1a3569ea17084e3fd295500fb", size = 12519389 },
    { url = "https://files.pythonhosted.org/packages/a8/c9/3e24a8472484269b6b1821794141f879c54645a111ded4b6f58f9ab0705f/ruff-0.12.7-py3-none-macosx_11_0_arm64.whl", hash = "sha256:2e1c2a3b8626339bb6369116e7030a4cf194ea48f49b64bb505732a7fce4f4e3", size = 11743384 },
    { url = "https://files.pythonhosted.org/packages/26/7c/458dd25deeb3452c43eaee853c0b17a1e84169f8021a26d500ead77964fd/ruff-0.12.7-py3-none-manylinux_2_17_aarch64.manylinux2014_aarch64.whl", hash = "sha256:32dec41817623d388e645612ec70d5757a6d9c035f3744a52c7b195a57e03860", size = 11943759 },
    { url = "https://files.pythonhosted.org/packages/7f/8b/658798472ef260ca050e400ab96ef7e85c366c39cf3dfbef4d0a46a528b6/ruff-0.12.7-py3-none-manylinux_2_17_armv7l.manylinux2014_armv7l.whl", hash = "sha256:47ef751f722053a5df5fa48d412dbb54d41ab9b17875c6840a58ec63ff0c247c", size = 11654028 },
    { url = "https://files.pythonhosted.org/packages/a8/86/9c2336f13b2a3326d06d39178fd3448dcc7025f82514d1b15816fe42bfe8/ruff-0.12.7-py3-none-manylinux_2_17_i686.manylinux2014_i686.whl", hash = "sha256:a828a5fc25a3efd3e1ff7b241fd392686c9386f20e5ac90aa9234a5faa12c423", size = 13225209 },
    { url = "https://files.pythonhosted.org/packages/76/69/df73f65f53d6c463b19b6b312fd2391dc36425d926ec237a7ed028a90fc1/ruff-0.12.7-py3-none-manylinux_2_17_ppc64.manylinux2014_ppc64.whl", hash = "sha256:5726f59b171111fa6a69d82aef48f00b56598b03a22f0f4170664ff4d8298efb", size = 14182353 },
    { url = "https://files.pythonhosted.org/packages/58/1e/de6cda406d99fea84b66811c189b5ea139814b98125b052424b55d28a41c/ruff-0.12.7-py3-none-manylinux_2_17_ppc64le.manylinux2014_ppc64le.whl", hash = "sha256:74e6f5c04c4dd4aba223f4fe6e7104f79e0eebf7d307e4f9b18c18362124bccd", size = 13631555 },
    { url = "https://files.pythonhosted.org/packages/6f/ae/625d46d5164a6cc9261945a5e89df24457dc8262539ace3ac36c40f0b51e/ruff-0.12.7-py3-none-manylinux_2_17_s390x.manylinux2014_s390x.whl", hash = "sha256:5d0bfe4e77fba61bf2ccadf8cf005d6133e3ce08793bbe870dd1c734f2699a3e", size = 12667556 },
    { url = "https://files.pythonhosted.org/packages/55/bf/9cb1ea5e3066779e42ade8d0cd3d3b0582a5720a814ae1586f85014656b6/ruff-0.12.7-py3-none-manylinux_2_17_x86_64.manylinux2014_x86_64.whl", hash = "sha256:06bfb01e1623bf7f59ea749a841da56f8f653d641bfd046edee32ede7ff6c606", size = 12939784 },
    { url = "https://files.pythonhosted.org/packages/55/7f/7ead2663be5627c04be83754c4f3096603bf5e99ed856c7cd29618c691bd/ruff-0.12.7-py3-none-musllinux_1_2_aarch64.whl", hash = "sha256:e41df94a957d50083fd09b916d6e89e497246698c3f3d5c681c8b3e7b9bb4ac8", size = 11771356 },
    { url = "https://files.pythonhosted.org/packages/17/40/a95352ea16edf78cd3a938085dccc55df692a4d8ba1b3af7accbe2c806b0/ruff-0.12.7-py3-none-musllinux_1_2_armv7l.whl", hash = "sha256:4000623300563c709458d0ce170c3d0d788c23a058912f28bbadc6f905d67afa", size = 11612124 },
    { url = "https://files.pythonhosted.org/packages/4d/74/633b04871c669e23b8917877e812376827c06df866e1677f15abfadc95cb/ruff-0.12.7-py3-none-musllinux_1_2_i686.whl", hash = "sha256:69ffe0e5f9b2cf2b8e289a3f8945b402a1b19eff24ec389f45f23c42a3dd6fb5", size = 12479945 },
    { url = "https://files.pythonhosted.org/packages/be/34/c3ef2d7799c9778b835a76189c6f53c179d3bdebc8c65288c29032e03613/ruff-0.12.7-py3-none-musllinux_1_2_x86_64.whl", hash = "sha256:a07a5c8ffa2611a52732bdc67bf88e243abd84fe2d7f6daef3826b59abbfeda4", size = 12998677 },
    { url = "https://files.pythonhosted.org/packages/77/ab/aca2e756ad7b09b3d662a41773f3edcbd262872a4fc81f920dc1ffa44541/ruff-0.12.7-py3-none-win32.whl", hash = "sha256:c928f1b2ec59fb77dfdf70e0419408898b63998789cc98197e15f560b9e77f77", size = 11756687 },
    { url = "https://files.pythonhosted.org/packages/b4/71/26d45a5042bc71db22ddd8252ca9d01e9ca454f230e2996bb04f16d72799/ruff-0.12.7-py3-none-win_amd64.whl", hash = "sha256:9c18f3d707ee9edf89da76131956aba1270c6348bfee8f6c647de841eac7194f", size = 12912365 },
    { url = "https://files.pythonhosted.org/packages/4c/9b/0b8aa09817b63e78d94b4977f18b1fcaead3165a5ee49251c5d5c245bb2d/ruff-0.12.7-py3-none-win_arm64.whl", hash = "sha256:dfce05101dbd11833a0776716d5d1578641b7fddb537fe7fa956ab85d1769b69", size = 11982083 },
]

[[package]]
name = "taskipy"
version = "1.14.1"
source = { registry = "https://pypi.org/simple" }
dependencies = [
    { name = "colorama" },
    { name = "mslex", marker = "sys_platform == 'win32'" },
    { name = "psutil" },
    { name = "tomli", marker = "python_full_version < '4.0'" },
]
sdist = { url = "https://files.pythonhosted.org/packages/c7/44/572261df3db9c6c3332f8618fafeb07a578fd18b06673c73f000f3586749/taskipy-1.14.1.tar.gz", hash = "sha256:410fbcf89692dfd4b9f39c2b49e1750b0a7b81affd0e2d7ea8c35f9d6a4774ed", size = 14475 }
wheels = [
    { url = "https://files.pythonhosted.org/packages/55/97/4e4cfb1391c81e926bebe3d68d5231b5dbc3bb41c6ba48349e68a881462d/taskipy-1.14.1-py3-none-any.whl", hash = "sha256:6e361520f29a0fd2159848e953599f9c75b1d0b047461e4965069caeb94908f1", size = 13052 },
]

[[package]]
name = "tomli"
version = "2.2.1"
source = { registry = "https://pypi.org/simple" }
sdist = { url = "https://files.pythonhosted.org/packages/18/87/302344fed471e44a87289cf4967697d07e532f2421fdaf868a303cbae4ff/tomli-2.2.1.tar.gz", hash = "sha256:cd45e1dc79c835ce60f7404ec8119f2eb06d38b1deba146f07ced3bbc44505ff", size = 17175 }
wheels = [
    { url = "https://files.pythonhosted.org/packages/52/e1/f8af4c2fcde17500422858155aeb0d7e93477a0d59a98e56cbfe75070fd0/tomli-2.2.1-cp312-cp312-macosx_10_13_x86_64.whl", hash = "sha256:4a8f6e44de52d5e6c657c9fe83b562f5f4256d8ebbfe4ff922c495620a7f6cea", size = 132762 },
    { url = "https://files.pythonhosted.org/packages/03/b8/152c68bb84fc00396b83e7bbddd5ec0bd3dd409db4195e2a9b3e398ad2e3/tomli-2.2.1-cp312-cp312-macosx_11_0_arm64.whl", hash = "sha256:8d57ca8095a641b8237d5b079147646153d22552f1c637fd3ba7f4b0b29167a8", size = 123453 },
    { url = "https://files.pythonhosted.org/packages/c8/d6/fc9267af9166f79ac528ff7e8c55c8181ded34eb4b0e93daa767b8841573/tomli-2.2.1-cp312-cp312-manylinux_2_17_aarch64.manylinux2014_aarch64.whl", hash = "sha256:4e340144ad7ae1533cb897d406382b4b6fede8890a03738ff1683af800d54192", size = 233486 },
    { url = "https://files.pythonhosted.org/packages/5c/51/51c3f2884d7bab89af25f678447ea7d297b53b5a3b5730a7cb2ef6069f07/tomli-2.2.1-cp312-cp312-manylinux_2_17_x86_64.manylinux2014_x86_64.whl", hash = "sha256:db2b95f9de79181805df90bedc5a5ab4c165e6ec3fe99f970d0e302f384ad222", size = 242349 },
    { url = "https://files.pythonhosted.org/packages/ab/df/bfa89627d13a5cc22402e441e8a931ef2108403db390ff3345c05253935e/tomli-2.2.1-cp312-cp312-manylinux_2_5_i686.manylinux1_i686.manylinux_2_17_i686.manylinux2014_i686.whl", hash = "sha256:40741994320b232529c802f8bc86da4e1aa9f413db394617b9a256ae0f9a7f77", size = 252159 },
    { url = "https://files.pythonhosted.org/packages/9e/6e/fa2b916dced65763a5168c6ccb91066f7639bdc88b48adda990db10c8c0b/tomli-2.2.1-cp312-cp312-musllinux_1_2_aarch64.whl", hash = "sha256:400e720fe168c0f8521520190686ef8ef033fb19fc493da09779e592861b78c6", size = 237243 },
    { url = "https://files.pythonhosted.org/packages/b4/04/885d3b1f650e1153cbb93a6a9782c58a972b94ea4483ae4ac5cedd5e4a09/tomli-2.2.1-cp312-cp312-musllinux_1_2_i686.whl", hash = "sha256:02abe224de6ae62c19f090f68da4e27b10af2b93213d36cf44e6e1c5abd19fdd", size = 259645 },
    { url = "https://files.pythonhosted.org/packages/9c/de/6b432d66e986e501586da298e28ebeefd3edc2c780f3ad73d22566034239/tomli-2.2.1-cp312-cp312-musllinux_1_2_x86_64.whl", hash = "sha256:b82ebccc8c8a36f2094e969560a1b836758481f3dc360ce9a3277c65f374285e", size = 244584 },
    { url = "https://files.pythonhosted.org/packages/1c/9a/47c0449b98e6e7d1be6cbac02f93dd79003234ddc4aaab6ba07a9a7482e2/tomli-2.2.1-cp312-cp312-win32.whl", hash = "sha256:889f80ef92701b9dbb224e49ec87c645ce5df3fa2cc548664eb8a25e03127a98", size = 98875 },
    { url = "https://files.pythonhosted.org/packages/ef/60/9b9638f081c6f1261e2688bd487625cd1e660d0a85bd469e91d8db969734/tomli-2.2.1-cp312-cp312-win_amd64.whl", hash = "sha256:7fc04e92e1d624a4a63c76474610238576942d6b8950a2d7f908a340494e67e4", size = 109418 },
    { url = "https://files.pythonhosted.org/packages/04/90/2ee5f2e0362cb8a0b6499dc44f4d7d48f8fff06d28ba46e6f1eaa61a1388/tomli-2.2.1-cp313-cp313-macosx_10_13_x86_64.whl", hash = "sha256:f4039b9cbc3048b2416cc57ab3bda989a6fcf9b36cf8937f01a6e731b64f80d7", size = 132708 },
    { url = "https://files.pythonhosted.org/packages/c0/ec/46b4108816de6b385141f082ba99e315501ccd0a2ea23db4a100dd3990ea/tomli-2.2.1-cp313-cp313-macosx_11_0_arm64.whl", hash = "sha256:286f0ca2ffeeb5b9bd4fcc8d6c330534323ec51b2f52da063b11c502da16f30c", size = 123582 },
    { url = "https://files.pythonhosted.org/packages/a0/bd/b470466d0137b37b68d24556c38a0cc819e8febe392d5b199dcd7f578365/tomli-2.2.1-cp313-cp313-manylinux_2_17_aarch64.manylinux2014_aarch64.whl", hash = "sha256:a92ef1a44547e894e2a17d24e7557a5e85a9e1d0048b0b5e7541f76c5032cb13", size = 232543 },
    { url = "https://files.pythonhosted.org/packages/d9/e5/82e80ff3b751373f7cead2815bcbe2d51c895b3c990686741a8e56ec42ab/tomli-2.2.1-cp313-cp313-manylinux_2_17_x86_64.manylinux2014_x86_64.whl", hash = "sha256:9316dc65bed1684c9a98ee68759ceaed29d229e985297003e494aa825ebb0281", size = 241691 },
    { url = "https://files.pythonhosted.org/packages/05/7e/2a110bc2713557d6a1bfb06af23dd01e7dde52b6ee7dadc589868f9abfac/tomli-2.2.1-cp313-cp313-manylinux_2_5_i686.manylinux1_i686.manylinux_2_17_i686.manylinux2014_i686.whl", hash = "sha256:e85e99945e688e32d5a35c1ff38ed0b3f41f43fad8df0bdf79f72b2ba7bc5272", size = 251170 },
    { url = "https://files.pythonhosted.org/packages/64/7b/22d713946efe00e0adbcdfd6d1aa119ae03fd0b60ebed51ebb3fa9f5a2e5/tomli-2.2.1-cp313-cp313-musllinux_1_2_aarch64.whl", hash = "sha256:ac065718db92ca818f8d6141b5f66369833d4a80a9d74435a268c52bdfa73140", size = 236530 },
    { url = "https://files.pythonhosted.org/packages/38/31/3a76f67da4b0cf37b742ca76beaf819dca0ebef26d78fc794a576e08accf/tomli-2.2.1-cp313-cp313-musllinux_1_2_i686.whl", hash = "sha256:d920f33822747519673ee656a4b6ac33e382eca9d331c87770faa3eef562aeb2", size = 258666 },
    { url = "https://files.pythonhosted.org/packages/07/10/5af1293da642aded87e8a988753945d0cf7e00a9452d3911dd3bb354c9e2/tomli-2.2.1-cp313-cp313-musllinux_1_2_x86_64.whl", hash = "sha256:a198f10c4d1b1375d7687bc25294306e551bf1abfa4eace6650070a5c1ae2744", size = 243954 },
    { url = "https://files.pythonhosted.org/packages/5b/b9/1ed31d167be802da0fc95020d04cd27b7d7065cc6fbefdd2f9186f60d7bd/tomli-2.2.1-cp313-cp313-win32.whl", hash = "sha256:d3f5614314d758649ab2ab3a62d4f2004c825922f9e370b29416484086b264ec", size = 98724 },
    { url = "https://files.pythonhosted.org/packages/c7/32/b0963458706accd9afcfeb867c0f9175a741bf7b19cd424230714d722198/tomli-2.2.1-cp313-cp313-win_amd64.whl", hash = "sha256:a38aa0308e754b0e3c67e344754dff64999ff9b513e691d0e786265c93583c69", size = 109383 },
    { url = "https://files.pythonhosted.org/packages/6e/c2/61d3e0f47e2b74ef40a68b9e6ad5984f6241a942f7cd3bbfbdbd03861ea9/tomli-2.2.1-py3-none-any.whl", hash = "sha256:cb55c73c5f4408779d0cf3eef9f762b9c9f147a77de7b258bef0a5628adc85cc", size = 14257 },
]
